// !$*UTF8*$!
{
	archiveVersion = 1;
	classes = {
	};
	objectVersion = 56;
	objects = {

/* Begin PBXBuildFile section */
		1A36EDA828D68D6B00372EE1 /* README.md in Resources */ = {isa = PBXBuildFile; fileRef = 1A36EDA528D68D6B00372EE1 /* README.md */; };
		1A50CC3228D381CC005B1D36 /* LocationViewModel.swift in Sources */ = {isa = PBXBuildFile; fileRef = 1A50CC3128D381CC005B1D36 /* LocationViewModel.swift */; };
		1A5A7204297DF48F00BC1EC9 /* AppDelegate.swift in Sources */ = {isa = PBXBuildFile; fileRef = 1A5A7203297DF48F00BC1EC9 /* AppDelegate.swift */; };
		1A5A7232297F02A400BC1EC9 /* Lottie in Frameworks */ = {isa = PBXBuildFile; productRef = 1A5A7231297F02A400BC1EC9 /* Lottie */; };
		1A5A7234297F02EE00BC1EC9 /* weather-progress.json in Resources */ = {isa = PBXBuildFile; fileRef = 1A5A7233297F02EE00BC1EC9 /* weather-progress.json */; };
		1A5A7236297F033B00BC1EC9 /* LottieView.swift in Sources */ = {isa = PBXBuildFile; fileRef = 1A5A7235297F033A00BC1EC9 /* LottieView.swift */; };
		1A713EB528F9DCDA00AEA66B /* CurrentScreen.swift in Sources */ = {isa = PBXBuildFile; fileRef = 1A713EB428F9DCDA00AEA66B /* CurrentScreen.swift */; };
		1A713EB728F9DD4100AEA66B /* WeatherViewModel.swift in Sources */ = {isa = PBXBuildFile; fileRef = 1A713EB628F9DD4100AEA66B /* WeatherViewModel.swift */; };
		1A713EBB28F9DFD000AEA66B /* ChartScreen.swift in Sources */ = {isa = PBXBuildFile; fileRef = 1A713EBA28F9DFD000AEA66B /* ChartScreen.swift */; };
		1A713EBD28F9FDB800AEA66B /* DateExtension.swift in Sources */ = {isa = PBXBuildFile; fileRef = 1A713EBC28F9FDB800AEA66B /* DateExtension.swift */; };
		1A713EBF28FA0A4B00AEA66B /* ForecastScreen.swift in Sources */ = {isa = PBXBuildFile; fileRef = 1A713EBE28FA0A4B00AEA66B /* ForecastScreen.swift */; };
		1A713EC128FA0CD500AEA66B /* Template.swift in Sources */ = {isa = PBXBuildFile; fileRef = 1A713EC028FA0CD500AEA66B /* Template.swift */; };
		1A713EC328FC3EF900AEA66B /* StringExtension.swift in Sources */ = {isa = PBXBuildFile; fileRef = 1A713EC228FC3EF900AEA66B /* StringExtension.swift */; };
		1A713EC528FC4E5700AEA66B /* ViewExtension.swift in Sources */ = {isa = PBXBuildFile; fileRef = 1A713EC428FC4E5700AEA66B /* ViewExtension.swift */; };
		1A713EC828FC5C5000AEA66B /* LocationService.swift in Sources */ = {isa = PBXBuildFile; fileRef = 1A713EC728FC5C5000AEA66B /* LocationService.swift */; };
		1A79703628FDE9BC00569E68 /* HeatMapScreen.swift in Sources */ = {isa = PBXBuildFile; fileRef = 1A79703528FDE9BC00569E68 /* HeatMapScreen.swift */; };
		1A84529228D37DA900C28047 /* WeatherKitDemoApp.swift in Sources */ = {isa = PBXBuildFile; fileRef = 1A84529128D37DA900C28047 /* WeatherKitDemoApp.swift */; };
		1A84529428D37DA900C28047 /* ContentView.swift in Sources */ = {isa = PBXBuildFile; fileRef = 1A84529328D37DA900C28047 /* ContentView.swift */; };
		1A84529628D37DAA00C28047 /* Assets.xcassets in Resources */ = {isa = PBXBuildFile; fileRef = 1A84529528D37DAA00C28047 /* Assets.xcassets */; };
		1A84529928D37DAA00C28047 /* Preview Assets.xcassets in Resources */ = {isa = PBXBuildFile; fileRef = 1A84529828D37DAA00C28047 /* Preview Assets.xcassets */; };
		1A97783B297D6F4C006CFB86 /* Toggle2.swift in Sources */ = {isa = PBXBuildFile; fileRef = 1A97783A297D6F4C006CFB86 /* Toggle2.swift */; };
		1A97783F297D7489006CFB86 /* TemperatureUnitToggle.swift in Sources */ = {isa = PBXBuildFile; fileRef = 1A97783E297D7489006CFB86 /* TemperatureUnitToggle.swift */; };
		1AB0620E28D64BD900602C7B /* WeatherServiceExtension.swift in Sources */ = {isa = PBXBuildFile; fileRef = 1AB0620D28D64BD900602C7B /* WeatherServiceExtension.swift */; };
		1AB0621328D64E3700602C7B /* HourWeatherExtension.swift in Sources */ = {isa = PBXBuildFile; fileRef = 1AB0621228D64E3700602C7B /* HourWeatherExtension.swift */; };
		1AB0621528D64E8500602C7B /* ImageExtension.swift in Sources */ = {isa = PBXBuildFile; fileRef = 1AB0621428D64E8500602C7B /* ImageExtension.swift */; };
		1AB0621828D6572200602C7B /* WeatherSummary.swift in Sources */ = {isa = PBXBuildFile; fileRef = 1AB0621728D6572200602C7B /* WeatherSummary.swift */; };
		1AB73A8C297D8A3100DCF9A9 /* MeasureExtension.swift in Sources */ = {isa = PBXBuildFile; fileRef = 1AB73A8B297D8A3100DCF9A9 /* MeasureExtension.swift */; };
		1AB73A8F297D8BCC00DCF9A9 /* Localizable.strings in Resources */ = {isa = PBXBuildFile; fileRef = 1AB73A91297D8BCC00DCF9A9 /* Localizable.strings */; };
/* End PBXBuildFile section */

/* Begin PBXFileReference section */
		1A36EDA528D68D6B00372EE1 /* README.md */ = {isa = PBXFileReference; fileEncoding = 4; lastKnownFileType = net.daringfireball.markdown; path = README.md; sourceTree = "<group>"; };
		1A50CC3028D380C3005B1D36 /* WeatherKitDemo.entitlements */ = {isa = PBXFileReference; lastKnownFileType = text.plist.entitlements; path = WeatherKitDemo.entitlements; sourceTree = "<group>"; };
		1A50CC3128D381CC005B1D36 /* LocationViewModel.swift */ = {isa = PBXFileReference; lastKnownFileType = sourcecode.swift; path = LocationViewModel.swift; sourceTree = "<group>"; };
		1A5A7203297DF48F00BC1EC9 /* AppDelegate.swift */ = {isa = PBXFileReference; lastKnownFileType = sourcecode.swift; path = AppDelegate.swift; sourceTree = "<group>"; };
		1A5A7233297F02EE00BC1EC9 /* weather-progress.json */ = {isa = PBXFileReference; fileEncoding = 4; lastKnownFileType = text.json; name = "weather-progress.json"; path = "WeatherKitDemo/lottie-files/weather-progress.json"; sourceTree = "<group>"; };
		1A5A7235297F033A00BC1EC9 /* LottieView.swift */ = {isa = PBXFileReference; fileEncoding = 4; lastKnownFileType = sourcecode.swift; path = LottieView.swift; sourceTree = "<group>"; };
		1A713EB428F9DCDA00AEA66B /* CurrentScreen.swift */ = {isa = PBXFileReference; lastKnownFileType = sourcecode.swift; path = CurrentScreen.swift; sourceTree = "<group>"; };
		1A713EB628F9DD4100AEA66B /* WeatherViewModel.swift */ = {isa = PBXFileReference; lastKnownFileType = sourcecode.swift; path = WeatherViewModel.swift; sourceTree = "<group>"; };
		1A713EBA28F9DFD000AEA66B /* ChartScreen.swift */ = {isa = PBXFileReference; lastKnownFileType = sourcecode.swift; path = ChartScreen.swift; sourceTree = "<group>"; };
		1A713EBC28F9FDB800AEA66B /* DateExtension.swift */ = {isa = PBXFileReference; lastKnownFileType = sourcecode.swift; path = DateExtension.swift; sourceTree = "<group>"; };
		1A713EBE28FA0A4B00AEA66B /* ForecastScreen.swift */ = {isa = PBXFileReference; lastKnownFileType = sourcecode.swift; path = ForecastScreen.swift; sourceTree = "<group>"; };
		1A713EC028FA0CD500AEA66B /* Template.swift */ = {isa = PBXFileReference; lastKnownFileType = sourcecode.swift; path = Template.swift; sourceTree = "<group>"; };
		1A713EC228FC3EF900AEA66B /* StringExtension.swift */ = {isa = PBXFileReference; lastKnownFileType = sourcecode.swift; path = StringExtension.swift; sourceTree = "<group>"; };
		1A713EC428FC4E5700AEA66B /* ViewExtension.swift */ = {isa = PBXFileReference; lastKnownFileType = sourcecode.swift; path = ViewExtension.swift; sourceTree = "<group>"; };
		1A713EC728FC5C5000AEA66B /* LocationService.swift */ = {isa = PBXFileReference; lastKnownFileType = sourcecode.swift; path = LocationService.swift; sourceTree = "<group>"; };
		1A79703528FDE9BC00569E68 /* HeatMapScreen.swift */ = {isa = PBXFileReference; lastKnownFileType = sourcecode.swift; path = HeatMapScreen.swift; sourceTree = "<group>"; };
		1A84528E28D37DA900C28047 /* WeatherKitDemo.app */ = {isa = PBXFileReference; explicitFileType = wrapper.application; includeInIndex = 0; path = WeatherKitDemo.app; sourceTree = BUILT_PRODUCTS_DIR; };
		1A84529128D37DA900C28047 /* WeatherKitDemoApp.swift */ = {isa = PBXFileReference; lastKnownFileType = sourcecode.swift; path = WeatherKitDemoApp.swift; sourceTree = "<group>"; };
		1A84529328D37DA900C28047 /* ContentView.swift */ = {isa = PBXFileReference; lastKnownFileType = sourcecode.swift; path = ContentView.swift; sourceTree = "<group>"; };
		1A84529528D37DAA00C28047 /* Assets.xcassets */ = {isa = PBXFileReference; lastKnownFileType = folder.assetcatalog; path = Assets.xcassets; sourceTree = "<group>"; };
		1A84529828D37DAA00C28047 /* Preview Assets.xcassets */ = {isa = PBXFileReference; lastKnownFileType = folder.assetcatalog; path = "Preview Assets.xcassets"; sourceTree = "<group>"; };
		1A977839297B4DEE006CFB86 /* Info.plist */ = {isa = PBXFileReference; lastKnownFileType = text.plist; path = Info.plist; sourceTree = "<group>"; };
		1A97783A297D6F4C006CFB86 /* Toggle2.swift */ = {isa = PBXFileReference; lastKnownFileType = sourcecode.swift; path = Toggle2.swift; sourceTree = "<group>"; };
		1A97783E297D7489006CFB86 /* TemperatureUnitToggle.swift */ = {isa = PBXFileReference; lastKnownFileType = sourcecode.swift; path = TemperatureUnitToggle.swift; sourceTree = "<group>"; };
		1AB0620D28D64BD900602C7B /* WeatherServiceExtension.swift */ = {isa = PBXFileReference; lastKnownFileType = sourcecode.swift; path = WeatherServiceExtension.swift; sourceTree = "<group>"; };
		1AB0621228D64E3700602C7B /* HourWeatherExtension.swift */ = {isa = PBXFileReference; lastKnownFileType = sourcecode.swift; path = HourWeatherExtension.swift; sourceTree = "<group>"; };
		1AB0621428D64E8500602C7B /* ImageExtension.swift */ = {isa = PBXFileReference; lastKnownFileType = sourcecode.swift; path = ImageExtension.swift; sourceTree = "<group>"; };
		1AB0621728D6572200602C7B /* WeatherSummary.swift */ = {isa = PBXFileReference; lastKnownFileType = sourcecode.swift; path = WeatherSummary.swift; sourceTree = "<group>"; };
		1AB73A8B297D8A3100DCF9A9 /* MeasureExtension.swift */ = {isa = PBXFileReference; lastKnownFileType = sourcecode.swift; path = MeasureExtension.swift; sourceTree = "<group>"; };
		1AB73A90297D8BCC00DCF9A9 /* en */ = {isa = PBXFileReference; lastKnownFileType = text.plist.strings; name = en; path = en.lproj/Localizable.strings; sourceTree = "<group>"; };
		1AB73A92297D8BD500DCF9A9 /* fr */ = {isa = PBXFileReference; lastKnownFileType = text.plist.strings; name = fr; path = fr.lproj/Localizable.strings; sourceTree = "<group>"; };
		1AB73A93297D8BD600DCF9A9 /* es */ = {isa = PBXFileReference; lastKnownFileType = text.plist.strings; name = es; path = es.lproj/Localizable.strings; sourceTree = "<group>"; };
/* End PBXFileReference section */

/* Begin PBXFrameworksBuildPhase section */
		1A84528B28D37DA900C28047 /* Frameworks */ = {
			isa = PBXFrameworksBuildPhase;
			buildActionMask = 2147483647;
			files = (
				1A5A7232297F02A400BC1EC9 /* Lottie in Frameworks */,
			);
			runOnlyForDeploymentPostprocessing = 0;
		};
/* End PBXFrameworksBuildPhase section */

/* Begin PBXGroup section */
		1A713EC628FC5C4000AEA66B /* Services */ = {
			isa = PBXGroup;
			children = (
				1A713EC728FC5C5000AEA66B /* LocationService.swift */,
			);
			path = Services;
			sourceTree = "<group>";
		};
		1A84528528D37DA900C28047 = {
			isa = PBXGroup;
			children = (
				1A5A7233297F02EE00BC1EC9 /* weather-progress.json */,
				1A36EDA528D68D6B00372EE1 /* README.md */,
				1A84529028D37DA900C28047 /* WeatherKitDemo */,
				1A84528F28D37DA900C28047 /* Products */,
			);
			sourceTree = "<group>";
		};
		1A84528F28D37DA900C28047 /* Products */ = {
			isa = PBXGroup;
			children = (
				1A84528E28D37DA900C28047 /* WeatherKitDemo.app */,
			);
			name = Products;
			sourceTree = "<group>";
		};
		1A84529028D37DA900C28047 /* WeatherKitDemo */ = {
			isa = PBXGroup;
			children = (
				1A977839297B4DEE006CFB86 /* Info.plist */,
				1A84529128D37DA900C28047 /* WeatherKitDemoApp.swift */,
				1AB73A91297D8BCC00DCF9A9 /* Localizable.strings */,
				1A5A7203297DF48F00BC1EC9 /* AppDelegate.swift */,
				1A84529528D37DAA00C28047 /* Assets.xcassets */,
				1A50CC3028D380C3005B1D36 /* WeatherKitDemo.entitlements */,
				1AB0621128D64CB100602C7B /* Extensions */,
				1AB0621628D6571200602C7B /* Models */,
				1A84529728D37DAA00C28047 /* Preview Content */,
				1A713EC628FC5C4000AEA66B /* Services */,
				1AB0620F28D64C1A00602C7B /* ViewModels */,
				1AB0621028D64C3900602C7B /* Views */,
			);
			path = WeatherKitDemo;
			sourceTree = "<group>";
		};
		1A84529728D37DAA00C28047 /* Preview Content */ = {
			isa = PBXGroup;
			children = (
				1A84529828D37DAA00C28047 /* Preview Assets.xcassets */,
			);
			path = "Preview Content";
			sourceTree = "<group>";
		};
		1AB0620F28D64C1A00602C7B /* ViewModels */ = {
			isa = PBXGroup;
			children = (
				1A50CC3128D381CC005B1D36 /* LocationViewModel.swift */,
				1A713EB628F9DD4100AEA66B /* WeatherViewModel.swift */,
			);
			path = ViewModels;
			sourceTree = "<group>";
		};
		1AB0621028D64C3900602C7B /* Views */ = {
			isa = PBXGroup;
			children = (
				1A713EBA28F9DFD000AEA66B /* ChartScreen.swift */,
				1A84529328D37DA900C28047 /* ContentView.swift */,
				1A713EB428F9DCDA00AEA66B /* CurrentScreen.swift */,
				1A713EBE28FA0A4B00AEA66B /* ForecastScreen.swift */,
				1A79703528FDE9BC00569E68 /* HeatMapScreen.swift */,
				1A5A7235297F033A00BC1EC9 /* LottieView.swift */,
				1A713EC028FA0CD500AEA66B /* Template.swift */,
				1A97783A297D6F4C006CFB86 /* Toggle2.swift */,
				1A97783E297D7489006CFB86 /* TemperatureUnitToggle.swift */,
			);
			path = Views;
			sourceTree = "<group>";
		};
		1AB0621128D64CB100602C7B /* Extensions */ = {
			isa = PBXGroup;
			children = (
				1A713EBC28F9FDB800AEA66B /* DateExtension.swift */,
				1AB0621228D64E3700602C7B /* HourWeatherExtension.swift */,
				1AB0621428D64E8500602C7B /* ImageExtension.swift */,
				1AB73A8B297D8A3100DCF9A9 /* MeasureExtension.swift */,
				1A713EC228FC3EF900AEA66B /* StringExtension.swift */,
				1A713EC428FC4E5700AEA66B /* ViewExtension.swift */,
				1AB0620D28D64BD900602C7B /* WeatherServiceExtension.swift */,
			);
			path = Extensions;
			sourceTree = "<group>";
		};
		1AB0621628D6571200602C7B /* Models */ = {
			isa = PBXGroup;
			children = (
				1AB0621728D6572200602C7B /* WeatherSummary.swift */,
			);
			path = Models;
			sourceTree = "<group>";
		};
/* End PBXGroup section */

/* Begin PBXNativeTarget section */
		1A84528D28D37DA900C28047 /* WeatherKitDemo */ = {
			isa = PBXNativeTarget;
			buildConfigurationList = 1A84529C28D37DAA00C28047 /* Build configuration list for PBXNativeTarget "WeatherKitDemo" */;
			buildPhases = (
				1A84528A28D37DA900C28047 /* Sources */,
				1A84528B28D37DA900C28047 /* Frameworks */,
				1A84528C28D37DA900C28047 /* Resources */,
			);
			buildRules = (
			);
			dependencies = (
			);
			name = WeatherKitDemo;
			packageProductDependencies = (
				1A5A7231297F02A400BC1EC9 /* Lottie */,
			);
			productName = WeatherKitDemo;
			productReference = 1A84528E28D37DA900C28047 /* WeatherKitDemo.app */;
			productType = "com.apple.product-type.application";
		};
/* End PBXNativeTarget section */

/* Begin PBXProject section */
		1A84528628D37DA900C28047 /* Project object */ = {
			isa = PBXProject;
			attributes = {
				BuildIndependentTargetsInParallel = 1;
				LastSwiftUpdateCheck = 1400;
				LastUpgradeCheck = 1400;
				TargetAttributes = {
					1A84528D28D37DA900C28047 = {
						CreatedOnToolsVersion = 14.0;
					};
				};
			};
			buildConfigurationList = 1A84528928D37DA900C28047 /* Build configuration list for PBXProject "WeatherKitDemo" */;
			compatibilityVersion = "Xcode 14.0";
			developmentRegion = en;
			hasScannedForEncodings = 0;
			knownRegions = (
				en,
				Base,
				fr,
				es,
			);
			mainGroup = 1A84528528D37DA900C28047;
			packageReferences = (
				1A5A7230297F02A400BC1EC9 /* XCRemoteSwiftPackageReference "lottie-spm" */,
			);
			productRefGroup = 1A84528F28D37DA900C28047 /* Products */;
			projectDirPath = "";
			projectRoot = "";
			targets = (
				1A84528D28D37DA900C28047 /* WeatherKitDemo */,
			);
		};
/* End PBXProject section */

/* Begin PBXResourcesBuildPhase section */
		1A84528C28D37DA900C28047 /* Resources */ = {
			isa = PBXResourcesBuildPhase;
			buildActionMask = 2147483647;
			files = (
				1A84529928D37DAA00C28047 /* Preview Assets.xcassets in Resources */,
				1AB73A8F297D8BCC00DCF9A9 /* Localizable.strings in Resources */,
				1A36EDA828D68D6B00372EE1 /* README.md in Resources */,
				1A84529628D37DAA00C28047 /* Assets.xcassets in Resources */,
				1A5A7234297F02EE00BC1EC9 /* weather-progress.json in Resources */,
			);
			runOnlyForDeploymentPostprocessing = 0;
		};
/* End PBXResourcesBuildPhase section */

/* Begin PBXSourcesBuildPhase section */
		1A84528A28D37DA900C28047 /* Sources */ = {
			isa = PBXSourcesBuildPhase;
			buildActionMask = 2147483647;
			files = (
				1A97783B297D6F4C006CFB86 /* Toggle2.swift in Sources */,
				1AB0620E28D64BD900602C7B /* WeatherServiceExtension.swift in Sources */,
				1A97783F297D7489006CFB86 /* TemperatureUnitToggle.swift in Sources */,
				1A713EB728F9DD4100AEA66B /* WeatherViewModel.swift in Sources */,
				1A713EBF28FA0A4B00AEA66B /* ForecastScreen.swift in Sources */,
				1A713EBB28F9DFD000AEA66B /* ChartScreen.swift in Sources */,
				1AB0621528D64E8500602C7B /* ImageExtension.swift in Sources */,
				1AB0621828D6572200602C7B /* WeatherSummary.swift in Sources */,
				1AB0621328D64E3700602C7B /* HourWeatherExtension.swift in Sources */,
				1A713EC128FA0CD500AEA66B /* Template.swift in Sources */,
				1A713EC328FC3EF900AEA66B /* StringExtension.swift in Sources */,
				1A713EC528FC4E5700AEA66B /* ViewExtension.swift in Sources */,
				1A713EC828FC5C5000AEA66B /* LocationService.swift in Sources */,
				1A713EBD28F9FDB800AEA66B /* DateExtension.swift in Sources */,
				1AB73A8C297D8A3100DCF9A9 /* MeasureExtension.swift in Sources */,
				1A79703628FDE9BC00569E68 /* HeatMapScreen.swift in Sources */,
				1A713EB528F9DCDA00AEA66B /* CurrentScreen.swift in Sources */,
				1A84529428D37DA900C28047 /* ContentView.swift in Sources */,
				1A5A7204297DF48F00BC1EC9 /* AppDelegate.swift in Sources */,
				1A84529228D37DA900C28047 /* WeatherKitDemoApp.swift in Sources */,
				1A50CC3228D381CC005B1D36 /* LocationViewModel.swift in Sources */,
				1A5A7236297F033B00BC1EC9 /* LottieView.swift in Sources */,
			);
			runOnlyForDeploymentPostprocessing = 0;
		};
/* End PBXSourcesBuildPhase section */

/* Begin PBXVariantGroup section */
		1AB73A91297D8BCC00DCF9A9 /* Localizable.strings */ = {
			isa = PBXVariantGroup;
			children = (
				1AB73A90297D8BCC00DCF9A9 /* en */,
				1AB73A92297D8BD500DCF9A9 /* fr */,
				1AB73A93297D8BD600DCF9A9 /* es */,
			);
			name = Localizable.strings;
			sourceTree = "<group>";
		};
/* End PBXVariantGroup section */

/* Begin XCBuildConfiguration section */
		1A84529A28D37DAA00C28047 /* Debug */ = {
			isa = XCBuildConfiguration;
			buildSettings = {
				ALWAYS_SEARCH_USER_PATHS = NO;
				CLANG_ANALYZER_NONNULL = YES;
				CLANG_ANALYZER_NUMBER_OBJECT_CONVERSION = YES_AGGRESSIVE;
				CLANG_CXX_LANGUAGE_STANDARD = "gnu++20";
				CLANG_ENABLE_MODULES = YES;
				CLANG_ENABLE_OBJC_ARC = YES;
				CLANG_ENABLE_OBJC_WEAK = YES;
				CLANG_WARN_BLOCK_CAPTURE_AUTORELEASING = YES;
				CLANG_WARN_BOOL_CONVERSION = YES;
				CLANG_WARN_COMMA = YES;
				CLANG_WARN_CONSTANT_CONVERSION = YES;
				CLANG_WARN_DEPRECATED_OBJC_IMPLEMENTATIONS = YES;
				CLANG_WARN_DIRECT_OBJC_ISA_USAGE = YES_ERROR;
				CLANG_WARN_DOCUMENTATION_COMMENTS = YES;
				CLANG_WARN_EMPTY_BODY = YES;
				CLANG_WARN_ENUM_CONVERSION = YES;
				CLANG_WARN_INFINITE_RECURSION = YES;
				CLANG_WARN_INT_CONVERSION = YES;
				CLANG_WARN_NON_LITERAL_NULL_CONVERSION = YES;
				CLANG_WARN_OBJC_IMPLICIT_RETAIN_SELF = YES;
				CLANG_WARN_OBJC_LITERAL_CONVERSION = YES;
				CLANG_WARN_OBJC_ROOT_CLASS = YES_ERROR;
				CLANG_WARN_QUOTED_INCLUDE_IN_FRAMEWORK_HEADER = YES;
				CLANG_WARN_RANGE_LOOP_ANALYSIS = YES;
				CLANG_WARN_STRICT_PROTOTYPES = YES;
				CLANG_WARN_SUSPICIOUS_MOVE = YES;
				CLANG_WARN_UNGUARDED_AVAILABILITY = YES_AGGRESSIVE;
				CLANG_WARN_UNREACHABLE_CODE = YES;
				CLANG_WARN__DUPLICATE_METHOD_MATCH = YES;
				COPY_PHASE_STRIP = NO;
				DEBUG_INFORMATION_FORMAT = dwarf;
				ENABLE_STRICT_OBJC_MSGSEND = YES;
				ENABLE_TESTABILITY = YES;
				GCC_C_LANGUAGE_STANDARD = gnu11;
				GCC_DYNAMIC_NO_PIC = NO;
				GCC_NO_COMMON_BLOCKS = YES;
				GCC_OPTIMIZATION_LEVEL = 0;
				GCC_PREPROCESSOR_DEFINITIONS = (
					"DEBUG=1",
					"$(inherited)",
				);
				GCC_WARN_64_TO_32_BIT_CONVERSION = YES;
				GCC_WARN_ABOUT_RETURN_TYPE = YES_ERROR;
				GCC_WARN_UNDECLARED_SELECTOR = YES;
				GCC_WARN_UNINITIALIZED_AUTOS = YES_AGGRESSIVE;
				GCC_WARN_UNUSED_FUNCTION = YES;
				GCC_WARN_UNUSED_VARIABLE = YES;
				IPHONEOS_DEPLOYMENT_TARGET = 16.0;
				MTL_ENABLE_DEBUG_INFO = INCLUDE_SOURCE;
				MTL_FAST_MATH = YES;
				ONLY_ACTIVE_ARCH = YES;
				SDKROOT = iphoneos;
				SWIFT_ACTIVE_COMPILATION_CONDITIONS = DEBUG;
				SWIFT_OPTIMIZATION_LEVEL = "-Onone";
			};
			name = Debug;
		};
		1A84529B28D37DAA00C28047 /* Release */ = {
			isa = XCBuildConfiguration;
			buildSettings = {
				ALWAYS_SEARCH_USER_PATHS = NO;
				CLANG_ANALYZER_NONNULL = YES;
				CLANG_ANALYZER_NUMBER_OBJECT_CONVERSION = YES_AGGRESSIVE;
				CLANG_CXX_LANGUAGE_STANDARD = "gnu++20";
				CLANG_ENABLE_MODULES = YES;
				CLANG_ENABLE_OBJC_ARC = YES;
				CLANG_ENABLE_OBJC_WEAK = YES;
				CLANG_WARN_BLOCK_CAPTURE_AUTORELEASING = YES;
				CLANG_WARN_BOOL_CONVERSION = YES;
				CLANG_WARN_COMMA = YES;
				CLANG_WARN_CONSTANT_CONVERSION = YES;
				CLANG_WARN_DEPRECATED_OBJC_IMPLEMENTATIONS = YES;
				CLANG_WARN_DIRECT_OBJC_ISA_USAGE = YES_ERROR;
				CLANG_WARN_DOCUMENTATION_COMMENTS = YES;
				CLANG_WARN_EMPTY_BODY = YES;
				CLANG_WARN_ENUM_CONVERSION = YES;
				CLANG_WARN_INFINITE_RECURSION = YES;
				CLANG_WARN_INT_CONVERSION = YES;
				CLANG_WARN_NON_LITERAL_NULL_CONVERSION = YES;
				CLANG_WARN_OBJC_IMPLICIT_RETAIN_SELF = YES;
				CLANG_WARN_OBJC_LITERAL_CONVERSION = YES;
				CLANG_WARN_OBJC_ROOT_CLASS = YES_ERROR;
				CLANG_WARN_QUOTED_INCLUDE_IN_FRAMEWORK_HEADER = YES;
				CLANG_WARN_RANGE_LOOP_ANALYSIS = YES;
				CLANG_WARN_STRICT_PROTOTYPES = YES;
				CLANG_WARN_SUSPICIOUS_MOVE = YES;
				CLANG_WARN_UNGUARDED_AVAILABILITY = YES_AGGRESSIVE;
				CLANG_WARN_UNREACHABLE_CODE = YES;
				CLANG_WARN__DUPLICATE_METHOD_MATCH = YES;
				COPY_PHASE_STRIP = NO;
				DEBUG_INFORMATION_FORMAT = "dwarf-with-dsym";
				ENABLE_NS_ASSERTIONS = NO;
				ENABLE_STRICT_OBJC_MSGSEND = YES;
				GCC_C_LANGUAGE_STANDARD = gnu11;
				GCC_NO_COMMON_BLOCKS = YES;
				GCC_WARN_64_TO_32_BIT_CONVERSION = YES;
				GCC_WARN_ABOUT_RETURN_TYPE = YES_ERROR;
				GCC_WARN_UNDECLARED_SELECTOR = YES;
				GCC_WARN_UNINITIALIZED_AUTOS = YES_AGGRESSIVE;
				GCC_WARN_UNUSED_FUNCTION = YES;
				GCC_WARN_UNUSED_VARIABLE = YES;
				IPHONEOS_DEPLOYMENT_TARGET = 16.0;
				MTL_ENABLE_DEBUG_INFO = NO;
				MTL_FAST_MATH = YES;
				SDKROOT = iphoneos;
				SWIFT_COMPILATION_MODE = wholemodule;
				SWIFT_OPTIMIZATION_LEVEL = "-O";
				VALIDATE_PRODUCT = YES;
			};
			name = Release;
		};
		1A84529D28D37DAA00C28047 /* Debug */ = {
			isa = XCBuildConfiguration;
			buildSettings = {
				ASSETCATALOG_COMPILER_APPICON_NAME = AppIcon;
				ASSETCATALOG_COMPILER_GLOBAL_ACCENT_COLOR_NAME = AccentColor;
				ASSETCATALOG_COMPILER_INCLUDE_ALL_APPICON_ASSETS = YES;
				CODE_SIGN_ENTITLEMENTS = WeatherKitDemo/WeatherKitDemo.entitlements;
				CODE_SIGN_STYLE = Automatic;
				CURRENT_PROJECT_VERSION = 2;
				DEVELOPMENT_ASSET_PATHS = "\"WeatherKitDemo/Preview Content\"";
				DEVELOPMENT_TEAM = 4BG3523GAZ;
				ENABLE_PREVIEWS = YES;
				GENERATE_INFOPLIST_FILE = YES;
				INFOPLIST_FILE = WeatherKitDemo/Info.plist;
				INFOPLIST_KEY_CFBundleDisplayName = "Feather Weather";
				INFOPLIST_KEY_NSLocationAlwaysAndWhenInUseUsageDescription = "We need your location to get local weather data.";
				INFOPLIST_KEY_NSLocationWhenInUseUsageDescription = "We need your location to get local weather data.";
				INFOPLIST_KEY_UIApplicationSupportsIndirectInputEvents = YES;
				INFOPLIST_KEY_UILaunchScreen_Generation = YES;
				INFOPLIST_KEY_UISupportedInterfaceOrientations_iPad = "UIInterfaceOrientationPortrait UIInterfaceOrientationPortraitUpsideDown UIInterfaceOrientationLandscapeLeft UIInterfaceOrientationLandscapeRight";
				INFOPLIST_KEY_UISupportedInterfaceOrientations_iPhone = "UIInterfaceOrientationPortrait UIInterfaceOrientationLandscapeLeft UIInterfaceOrientationLandscapeRight";
				LD_RUNPATH_SEARCH_PATHS = (
					"$(inherited)",
					"@executable_path/Frameworks",
				);
				MARKETING_VERSION = 0.2.0;
				PRODUCT_BUNDLE_IDENTIFIER = "r.mark.volkmann-gmail.com.FeatherWeather";
				PRODUCT_NAME = "$(TARGET_NAME)";
				SWIFT_EMIT_LOC_STRINGS = YES;
				SWIFT_VERSION = 5.0;
				TARGETED_DEVICE_FAMILY = "1,2";
			};
			name = Debug;
		};
		1A84529E28D37DAA00C28047 /* Release */ = {
			isa = XCBuildConfiguration;
			buildSettings = {
				ASSETCATALOG_COMPILER_APPICON_NAME = AppIcon;
				ASSETCATALOG_COMPILER_GLOBAL_ACCENT_COLOR_NAME = AccentColor;
				ASSETCATALOG_COMPILER_INCLUDE_ALL_APPICON_ASSETS = YES;
				CODE_SIGN_ENTITLEMENTS = WeatherKitDemo/WeatherKitDemo.entitlements;
				CODE_SIGN_STYLE = Automatic;
				CURRENT_PROJECT_VERSION = 2;
				DEVELOPMENT_ASSET_PATHS = "\"WeatherKitDemo/Preview Content\"";
				DEVELOPMENT_TEAM = 4BG3523GAZ;
				ENABLE_PREVIEWS = YES;
				GENERATE_INFOPLIST_FILE = YES;
				INFOPLIST_FILE = WeatherKitDemo/Info.plist;
				INFOPLIST_KEY_CFBundleDisplayName = "Feather Weather";
				INFOPLIST_KEY_NSLocationAlwaysAndWhenInUseUsageDescription = "We need your location to get local weather data.";
				INFOPLIST_KEY_NSLocationWhenInUseUsageDescription = "We need your location to get local weather data.";
				INFOPLIST_KEY_UIApplicationSupportsIndirectInputEvents = YES;
				INFOPLIST_KEY_UILaunchScreen_Generation = YES;
				INFOPLIST_KEY_UISupportedInterfaceOrientations_iPad = "UIInterfaceOrientationPortrait UIInterfaceOrientationPortraitUpsideDown UIInterfaceOrientationLandscapeLeft UIInterfaceOrientationLandscapeRight";
				INFOPLIST_KEY_UISupportedInterfaceOrientations_iPhone = "UIInterfaceOrientationPortrait UIInterfaceOrientationLandscapeLeft UIInterfaceOrientationLandscapeRight";
				LD_RUNPATH_SEARCH_PATHS = (
					"$(inherited)",
					"@executable_path/Frameworks",
				);
				MARKETING_VERSION = 0.2.0;
				PRODUCT_BUNDLE_IDENTIFIER = "r.mark.volkmann-gmail.com.FeatherWeather";
				PRODUCT_NAME = "$(TARGET_NAME)";
				SWIFT_EMIT_LOC_STRINGS = YES;
				SWIFT_VERSION = 5.0;
				TARGETED_DEVICE_FAMILY = "1,2";
			};
			name = Release;
		};
/* End XCBuildConfiguration section */

/* Begin XCConfigurationList section */
		1A84528928D37DA900C28047 /* Build configuration list for PBXProject "WeatherKitDemo" */ = {
			isa = XCConfigurationList;
			buildConfigurations = (
				1A84529A28D37DAA00C28047 /* Debug */,
				1A84529B28D37DAA00C28047 /* Release */,
			);
			defaultConfigurationIsVisible = 0;
			defaultConfigurationName = Release;
		};
		1A84529C28D37DAA00C28047 /* Build configuration list for PBXNativeTarget "WeatherKitDemo" */ = {
			isa = XCConfigurationList;
			buildConfigurations = (
				1A84529D28D37DAA00C28047 /* Debug */,
				1A84529E28D37DAA00C28047 /* Release */,
			);
			defaultConfigurationIsVisible = 0;
			defaultConfigurationName = Release;
		};
/* End XCConfigurationList section */

/* Begin XCRemoteSwiftPackageReference section */
		1A5A7230297F02A400BC1EC9 /* XCRemoteSwiftPackageReference "lottie-spm" */ = {
			isa = XCRemoteSwiftPackageReference;
			repositoryURL = "https://github.com/airbnb/lottie-spm.git";
			requirement = {
				branch = main;
				kind = branch;
			};
		};
/* End XCRemoteSwiftPackageReference section */

/* Begin XCSwiftPackageProductDependency section */
		1A5A7231297F02A400BC1EC9 /* Lottie */ = {
			isa = XCSwiftPackageProductDependency;
			package = 1A5A7230297F02A400BC1EC9 /* XCRemoteSwiftPackageReference "lottie-spm" */;
			productName = Lottie;
		};
/* End XCSwiftPackageProductDependency section */
	};
	rootObject = 1A84528628D37DA900C28047 /* Project object */;
}
